
Microsoft Visual Studio Solution File, Format Version 12.00
# Visual Studio Version 17
VisualStudioVersion = 17.14.36414.22 d17.14
MinimumVisualStudioVersion = 10.0.40219.1
Project("{FAE04EC0-301F-11D3-BF4B-00C04F79EFBC}") = "TheFinalProject", "TheFinalProject\TheFinalProject.csproj", "{87358DFD-A51E-4095-90A6-AA2F593B464D}"
EndProject
Global
	GlobalSection(SolutionConfigurationPlatforms) = preSolution
		Debug|Any CPU = Debug|Any CPU
		Release|Any CPU = Release|Any CPU
	EndGlobalSection
	GlobalSection(ProjectConfigurationPlatforms) = postSolution
		{87358DFD-A51E-4095-90A6-AA2F593B464D}.Debug|Any CPU.ActiveCfg = Debug|Any CPU
		{87358DFD-A51E-4095-90A6-AA2F593B464D}.Debug|Any CPU.Build.0 = Debug|Any CPU
		{87358DFD-A51E-4095-90A6-AA2F593B464D}.Release|Any CPU.ActiveCfg = Release|Any CPU
		{87358DFD-A51E-4095-90A6-AA2F593B464D}.Release|Any CPU.Build.0 = Release|Any CPU
	EndGlobalSection
	GlobalSection(SolutionProperties) = preSolution
		HideSolutionNode = FALSE
	EndGlobalSection
	GlobalSection(ExtensibilityGlobals) = postSolution
		SolutionGuid = {613EEC9D-5451-4E53-8A7E-6C608D906A22}
	EndGlobalSection
EndGlobal
